{
  "name": "node_ts",
  "version": "1.0.0",
  "lockfileVersion": 3,
  "requires": true,
  "packages": {
    "": {
      "name": "node_ts",
      "version": "1.0.0",
      "license": "ISC",
      "dependencies": {
        "@birchill/jpdict-idb": "^2.4.0",
        "commander": "^12.0.0",
        "figlet": "^1.7.0"
      },
      "bin": {
        "dirmanager": "dist/index.js"
      },
      "devDependencies": {
        "@types/node": "^20.12.7",
        "typescript": "^5.4.5"
      }
    },
    "node_modules/@birchill/jpdict-idb": {
      "version": "2.4.0",
      "resolved": "https://registry.npmjs.org/@birchill/jpdict-idb/-/jpdict-idb-2.4.0.tgz",
      "integrity": "sha512-9pKQGLvB7rdtV8CZNClG6z50kU6NnJ/4gRSCQCDI/r3K7pxv2SVjtTbiXlGr3PJt2NZ6zVrneX1qp9xO/prwow==",
      "dependencies": {
        "@birchill/json-equalish": "^1.1.2",
        "@birchill/normal-jp": "^1.5.0",
        "idb": "^8.0.0",
        "superstruct": "^1.0.3"
      },
      "engines": {
        "node": ">=16.0.0"
      }
    },
    "node_modules/@birchill/json-equalish": {
      "version": "1.1.2",
      "resolved": "https://registry.npmjs.org/@birchill/json-equalish/-/json-equalish-1.1.2.tgz",
      "integrity": "sha512-oXsOtXbuxai0iq8bXZKa0S2AkGEEhigu2WcZUbYwRbv4EtHJvT6jqSg5kNtWeI+6frv7ixIbJbuWP6AbNtj7Sw=="
    },
    "node_modules/@birchill/normal-jp": {
      "version": "1.5.0",
      "resolved": "https://registry.npmjs.org/@birchill/normal-jp/-/normal-jp-1.5.0.tgz",
      "integrity": "sha512-yL0XXk6Wl4jrJtfT2HJ/NDiZoepgJMWx3CLM0MzUyXFVFWvdgVPe+DWjH/z6Rps7tDqSS6CtVXL9hW0qncpAUA=="
    },
    "node_modules/@types/node": {
      "version": "20.12.7",
      "resolved": "https://registry.npmjs.org/@types/node/-/node-20.12.7.tgz",
      "integrity": "sha512-wq0cICSkRLVaf3UGLMGItu/PtdY7oaXaI/RVU+xliKVOtRna3PRY57ZDfztpDL0n11vfymMUnXv8QwYCO7L1wg==",
      "dev": true,
      "dependencies": {
        "undici-types": "~5.26.4"
      }
    },
    "node_modules/commander": {
      "version": "12.0.0",
      "resolved": "https://registry.npmjs.org/commander/-/commander-12.0.0.tgz",
      "integrity": "sha512-MwVNWlYjDTtOjX5PiD7o5pK0UrFU/OYgcJfjjK4RaHZETNtjJqrZa9Y9ds88+A+f+d5lv+561eZ+yCKoS3gbAA==",
      "engines": {
        "node": ">=18"
      }
    },
    "node_modules/figlet": {
      "version": "1.7.0",
      "resolved": "https://registry.npmjs.org/figlet/-/figlet-1.7.0.tgz",
      "integrity": "sha512-gO8l3wvqo0V7wEFLXPbkX83b7MVjRrk1oRLfYlZXol8nEpb/ON9pcKLI4qpBv5YtOTfrINtqb7b40iYY2FTWFg==",
      "bin": {
        "figlet": "bin/index.js"
      },
      "engines": {
        "node": ">= 0.4.0"
      }
    },
    "node_modules/idb": {
      "version": "8.0.0",
      "resolved": "https://registry.npmjs.org/idb/-/idb-8.0.0.tgz",
      "integrity": "sha512-l//qvlAKGmQO31Qn7xdzagVPPaHTxXx199MhrAFuVBTPqydcPYBWjkrbv4Y0ktB+GmWOiwHl237UUOrLmQxLvw=="
    },
    "node_modules/superstruct": {
      "version": "1.0.4",
      "resolved": "https://registry.npmjs.org/superstruct/-/superstruct-1.0.4.tgz",
      "integrity": "sha512-7JpaAoX2NGyoFlI9NBh66BQXGONc+uE+MRS5i2iOBKuS4e+ccgMDjATgZldkah+33DakBxDHiss9kvUcGAO8UQ==",
      "engines": {
        "node": ">=14.0.0"
      }
    },
    "node_modules/typescript": {
      "version": "5.4.5",
      "resolved": "https://registry.npmjs.org/typescript/-/typescript-5.4.5.tgz",
      "integrity": "sha512-vcI4UpRgg81oIRUFwR0WSIHKt11nJ7SAVlYNIu+QpqeyXP+gpQJy/Z4+F0aGxSE4MqwjyXvW/TzgkLAx2AGHwQ==",
      "dev": true,
      "bin": {
        "tsc": "bin/tsc",
        "tsserver": "bin/tsserver"
      },
      "engines": {
        "node": ">=14.17"
      }
    },
    "node_modules/undici-types": {
      "version": "5.26.5",
      "resolved": "https://registry.npmjs.org/undici-types/-/undici-types-5.26.5.tgz",
      "integrity": "sha512-JlCMO+ehdEIKqlFxk6IfVoAUVmgz7cU7zD/h9XZ0qzeosSHmUJVOzSQvvYSYWXkFXC+IfLKSIffhv0sVZup6pA==",
      "dev": true
    }
  }
}
